
Microsoft Visual Studio Solution File, Format Version 12.00
# Visual Studio Version 17
VisualStudioVersion = 17.5.33502.453
MinimumVisualStudioVersion = 10.0.40219.1
Project("{8BC9CEB8-8B4A-11D0-8D11-00A0C91BC942}") = "Rileysoft.DotHack", "Rileysoft.DotHack\Rileysoft.DotHack.vcxproj", "{7EB0E446-77B9-4FE8-A03A-75D3CF4B1F2F}"
EndProject
Project("{8BC9CEB8-8B4A-11D0-8D11-00A0C91BC942}") = "Rileysoft.DotHack.Tests", "Rileysoft.DotHack.Tests\Rileysoft.DotHack.Tests.vcxproj", "{E4EC3616-463E-40BD-9113-3A20FE49A55C}"
EndProject
Project("{8BC9CEB8-8B4A-11D0-8D11-00A0C91BC942}") = "Rileysoft.DotHack.IOTests", "Rileysoft.DotHack.IOTests\Rileysoft.DotHack.IOTests.vcxproj", "{FD712051-A181-4E17-8509-EB387A61FBAA}"
EndProject
Global
	GlobalSection(SolutionConfigurationPlatforms) = preSolution
		Debug|x64 = Debug|x64
		Debug|x86 = Debug|x86
		Release|x64 = Release|x64
		Release|x86 = Release|x86
	EndGlobalSection
	GlobalSection(ProjectConfigurationPlatforms) = postSolution
		{7EB0E446-77B9-4FE8-A03A-75D3CF4B1F2F}.Debug|x64.ActiveCfg = Debug|x64
		{7EB0E446-77B9-4FE8-A03A-75D3CF4B1F2F}.Debug|x64.Build.0 = Debug|x64
		{7EB0E446-77B9-4FE8-A03A-75D3CF4B1F2F}.Debug|x86.ActiveCfg = Debug|Win32
		{7EB0E446-77B9-4FE8-A03A-75D3CF4B1F2F}.Debug|x86.Build.0 = Debug|Win32
		{7EB0E446-77B9-4FE8-A03A-75D3CF4B1F2F}.Release|x64.ActiveCfg = Release|x64
		{7EB0E446-77B9-4FE8-A03A-75D3CF4B1F2F}.Release|x64.Build.0 = Release|x64
		{7EB0E446-77B9-4FE8-A03A-75D3CF4B1F2F}.Release|x86.ActiveCfg = Release|Win32
		{7EB0E446-77B9-4FE8-A03A-75D3CF4B1F2F}.Release|x86.Build.0 = Release|Win32
		{E4EC3616-463E-40BD-9113-3A20FE49A55C}.Debug|x64.ActiveCfg = Debug|x64
		{E4EC3616-463E-40BD-9113-3A20FE49A55C}.Debug|x64.Build.0 = Debug|x64
		{E4EC3616-463E-40BD-9113-3A20FE49A55C}.Debug|x86.ActiveCfg = Debug|Win32
		{E4EC3616-463E-40BD-9113-3A20FE49A55C}.Debug|x86.Build.0 = Debug|Win32
		{E4EC3616-463E-40BD-9113-3A20FE49A55C}.Release|x64.ActiveCfg = Release|x64
		{E4EC3616-463E-40BD-9113-3A20FE49A55C}.Release|x64.Build.0 = Release|x64
		{E4EC3616-463E-40BD-9113-3A20FE49A55C}.Release|x86.ActiveCfg = Release|Win32
		{E4EC3616-463E-40BD-9113-3A20FE49A55C}.Release|x86.Build.0 = Release|Win32
		{FD712051-A181-4E17-8509-EB387A61FBAA}.Debug|x64.ActiveCfg = Debug|x64
		{FD712051-A181-4E17-8509-EB387A61FBAA}.Debug|x64.Build.0 = Debug|x64
		{FD712051-A181-4E17-8509-EB387A61FBAA}.Debug|x86.ActiveCfg = Debug|Win32
		{FD712051-A181-4E17-8509-EB387A61FBAA}.Debug|x86.Build.0 = Debug|Win32
		{FD712051-A181-4E17-8509-EB387A61FBAA}.Release|x64.ActiveCfg = Release|x64
		{FD712051-A181-4E17-8509-EB387A61FBAA}.Release|x64.Build.0 = Release|x64
		{FD712051-A181-4E17-8509-EB387A61FBAA}.Release|x86.ActiveCfg = Release|Win32
		{FD712051-A181-4E17-8509-EB387A61FBAA}.Release|x86.Build.0 = Release|Win32
	EndGlobalSection
	GlobalSection(SolutionProperties) = preSolution
		HideSolutionNode = FALSE
	EndGlobalSection
	GlobalSection(ExtensibilityGlobals) = postSolution
		SolutionGuid = {326F9E6E-8CEE-4742-8745-084DFBE8F633}
	EndGlobalSection
EndGlobal
