
Microsoft Visual Studio Solution File, Format Version 12.00
# Visual Studio Version 17
VisualStudioVersion = 17.5.33502.453
MinimumVisualStudioVersion = 10.0.40219.1
Project("{9A19103F-16F7-4668-BE54-9A1E7A4F7556}") = "Rileysoft.DotHack", "Rileysoft.DotHack\Rileysoft.DotHack.csproj", "{CB69D17B-3C36-4E76-BB7D-14DA093BF260}"
EndProject
Project("{9A19103F-16F7-4668-BE54-9A1E7A4F7556}") = "Rileysoft.DotHack.Tests", "Rileysoft.DotHack.Tests\Rileysoft.DotHack.Tests.csproj", "{C7DDAEE5-D554-4E5B-BBBF-2A56E4E8A34B}"
EndProject
Project("{9A19103F-16F7-4668-BE54-9A1E7A4F7556}") = "Rileysoft.DotHack.IOTests", "Rileysoft.DotHack.IOTests\Rileysoft.DotHack.IOTests.csproj", "{2E777840-F5F2-4021-90EB-C8E1D540A939}"
EndProject
Project("{FAE04EC0-301F-11D3-BF4B-00C04F79EFBC}") = "ElfInfo", "ElfInfo\ElfInfo.csproj", "{B7D14D33-5301-46BA-9F24-C6E7E7E5B2BB}"
EndProject
Global
	GlobalSection(SolutionConfigurationPlatforms) = preSolution
		Debug|Any CPU = Debug|Any CPU
		Release|Any CPU = Release|Any CPU
	EndGlobalSection
	GlobalSection(ProjectConfigurationPlatforms) = postSolution
		{CB69D17B-3C36-4E76-BB7D-14DA093BF260}.Debug|Any CPU.ActiveCfg = Debug|Any CPU
		{CB69D17B-3C36-4E76-BB7D-14DA093BF260}.Debug|Any CPU.Build.0 = Debug|Any CPU
		{CB69D17B-3C36-4E76-BB7D-14DA093BF260}.Release|Any CPU.ActiveCfg = Release|Any CPU
		{CB69D17B-3C36-4E76-BB7D-14DA093BF260}.Release|Any CPU.Build.0 = Release|Any CPU
		{C7DDAEE5-D554-4E5B-BBBF-2A56E4E8A34B}.Debug|Any CPU.ActiveCfg = Debug|Any CPU
		{C7DDAEE5-D554-4E5B-BBBF-2A56E4E8A34B}.Debug|Any CPU.Build.0 = Debug|Any CPU
		{C7DDAEE5-D554-4E5B-BBBF-2A56E4E8A34B}.Release|Any CPU.ActiveCfg = Release|Any CPU
		{C7DDAEE5-D554-4E5B-BBBF-2A56E4E8A34B}.Release|Any CPU.Build.0 = Release|Any CPU
		{2E777840-F5F2-4021-90EB-C8E1D540A939}.Debug|Any CPU.ActiveCfg = Debug|Any CPU
		{2E777840-F5F2-4021-90EB-C8E1D540A939}.Debug|Any CPU.Build.0 = Debug|Any CPU
		{2E777840-F5F2-4021-90EB-C8E1D540A939}.Release|Any CPU.ActiveCfg = Release|Any CPU
		{2E777840-F5F2-4021-90EB-C8E1D540A939}.Release|Any CPU.Build.0 = Release|Any CPU
		{B7D14D33-5301-46BA-9F24-C6E7E7E5B2BB}.Debug|Any CPU.ActiveCfg = Debug|Any CPU
		{B7D14D33-5301-46BA-9F24-C6E7E7E5B2BB}.Debug|Any CPU.Build.0 = Debug|Any CPU
		{B7D14D33-5301-46BA-9F24-C6E7E7E5B2BB}.Release|Any CPU.ActiveCfg = Release|Any CPU
		{B7D14D33-5301-46BA-9F24-C6E7E7E5B2BB}.Release|Any CPU.Build.0 = Release|Any CPU
	EndGlobalSection
	GlobalSection(SolutionProperties) = preSolution
		HideSolutionNode = FALSE
	EndGlobalSection
	GlobalSection(ExtensibilityGlobals) = postSolution
		SolutionGuid = {65B4992B-A01B-47BD-AA0F-3E89E339AC99}
	EndGlobalSection
EndGlobal
