<?xml version="1.0" encoding="utf-8"?>
<Project ToolsVersion="4.0" xmlns="http://schemas.microsoft.com/developer/msbuild/2003">
  <ItemGroup>
    <Filter Include="Source Files">
      <UniqueIdentifier>{4FC737F1-C7A5-4376-A066-2A32D752A2FF}</UniqueIdentifier>
      <Extensions>cpp;c;cc;cxx;c++;cppm;ixx;def;odl;idl;hpj;bat;asm;asmx</Extensions>
    </Filter>
    <Filter Include="Header Files">
      <UniqueIdentifier>{93995380-89BD-4b04-88EB-625FBE52EBFB}</UniqueIdentifier>
      <Extensions>h;hh;hpp;hxx;h++;hm;inl;inc;ipp;xsd</Extensions>
    </Filter>
    <Filter Include="Resource Files">
      <UniqueIdentifier>{67DA6AB6-F800-4c08-8B7A-83BB121AAD01}</UniqueIdentifier>
      <Extensions>rc;ico;cur;bmp;dlg;rc2;rct;bin;rgs;gif;jpg;jpeg;jpe;resx;tiff;tif;png;wav;mfcribbon-ms</Extensions>
    </Filter>
    <Filter Include="Source Files\FileFormats">
      <UniqueIdentifier>{1950bf5f-29c9-4e22-8cfc-7368e69723cc}</UniqueIdentifier>
    </Filter>
    <Filter Include="Source Files\FileFormats\CNF">
      <UniqueIdentifier>{086d3e40-1ff3-4e3e-af5f-2c007a3827a1}</UniqueIdentifier>
    </Filter>
    <Filter Include="Header Files\FileFormats">
      <UniqueIdentifier>{0a45baae-51fa-4be0-aff1-b3ab6a01c5a7}</UniqueIdentifier>
    </Filter>
    <Filter Include="Header Files\FileFormats\CNF">
      <UniqueIdentifier>{02035a69-e845-4ccf-b7e5-b8c1bb78ce75}</UniqueIdentifier>
    </Filter>
  </ItemGroup>
  <ItemGroup>
    <ClInclude Include="framework.h">
      <Filter>Header Files</Filter>
    </ClInclude>
    <ClInclude Include="pch.h">
      <Filter>Header Files</Filter>
    </ClInclude>
    <ClInclude Include="CnfData.h">
      <Filter>Header Files\FileFormats\CNF</Filter>
    </ClInclude>
    <ClInclude Include="CnfFile.h">
      <Filter>Header Files\FileFormats\CNF</Filter>
    </ClInclude>
  </ItemGroup>
  <ItemGroup>
    <ClCompile Include="dllmain.cpp">
      <Filter>Source Files</Filter>
    </ClCompile>
    <ClCompile Include="pch.cpp">
      <Filter>Source Files</Filter>
    </ClCompile>
    <ClCompile Include="CnfData.cpp">
      <Filter>Source Files\FileFormats\CNF</Filter>
    </ClCompile>
    <ClCompile Include="CnfFile.cpp">
      <Filter>Source Files\FileFormats\CNF</Filter>
    </ClCompile>
  </ItemGroup>
  <ItemGroup>
    <None Include="cpp.hint" />
  </ItemGroup>
</Project>